{
  "name": "ngx-restheart",
  "version": "0.0.1",
  "lockfileVersion": 1,
  "requires": true,
  "dependencies": {
    "@angular/common": {
      "version": "6.0.9",
      "resolved": "https://registry.npmjs.org/@angular/common/-/common-6.0.9.tgz",
      "integrity": "sha512-zjJ9WDW9787sTRiNeUvQaCvGZJu1dI8A3fYtSL8BKrGhxLsf24cSa3ljbrSmtIsCGImNxTToHzPFXo4sx2dvYg==",
      "requires": {
        "tslib": "1.9.3"
      }
    },
    "@angular/core": {
      "version": "6.0.9",
      "resolved": "https://registry.npmjs.org/@angular/core/-/core-6.0.9.tgz",
      "integrity": "sha512-NeEUgymsR/tLvWeEAA4mGEX/S4hHbIo/2uwPGGAQAvzlk+pL7xqPoFSMKeqQahdTnWSmYa/2+X33OdJgXKKXyg==",
      "requires": {
        "tslib": "1.9.3"
      }
    },
    "@types/lodash": {
      "version": "4.14.112",
      "resolved": "https://registry.npmjs.org/@types/lodash/-/lodash-4.14.112.tgz",
      "integrity": "sha512-jDD7sendv3V7iwyRXSlECOR8HCtMN2faVA9ngLdHHihSVIwY7nbfsKl2kA6fimUDU1i5l/zgpG3aevwWnN3zCQ=="
    },
    "angular-2-local-storage": {
      "version": "2.0.0",
      "resolved": "https://registry.npmjs.org/angular-2-local-storage/-/angular-2-local-storage-2.0.0.tgz",
      "integrity": "sha512-2Gs2DNMPA0uvn9HfddVBwKNeJxbumrpT9XgL+0CWJ4Lj8kPUX+RkmaY2Xz8ByGn1SsK0T35vqC/Gtl8o1mnjGQ=="
    },
    "core-js": {
      "version": "2.5.7",
      "resolved": "https://registry.npmjs.org/core-js/-/core-js-2.5.7.tgz",
      "integrity": "sha512-RszJCAxg/PP6uzXVXL6BsxSXx/B05oJAQ2vkJRjyjrEcNVycaqOmNb5OTxZPE3xa5gwZduqza6L9JOCenh/Ecw=="
    },
    "lodash": {
      "version": "4.17.10",
      "resolved": "https://registry.npmjs.org/lodash/-/lodash-4.17.10.tgz",
      "integrity": "sha512-UejweD1pDoXu+AD825lWwp4ZGtSwgnpZxb3JDViD7StjQz+Nb/6l093lx4OQ0foGWNRoc19mWy7BzL+UAK2iVg=="
    },
    "ngx-restangular": {
      "version": "3.0.0",
      "resolved": "https://registry.npmjs.org/ngx-restangular/-/ngx-restangular-3.0.0.tgz",
      "integrity": "sha512-DFonHvbHPwjmvQ2VMRhB18NbPAUX0NkfKOP7kt19d5SVVuzHpAHDQqRjKXYKGqhZKHMQFYoTPhjMUq8e3lODNg==",
      "requires": {
        "@types/lodash": "4.14.112",
        "tslib": "1.9.3"
      }
    },
    "rxjs": {
      "version": "6.0.0",
      "resolved": "https://registry.npmjs.org/rxjs/-/rxjs-6.0.0.tgz",
      "integrity": "sha512-2MgLQr1zvks8+Kip4T6hcJdiBhV+SIvxguoWjhwtSpNPTp/5e09HJbgclCwR/nW0yWzhubM+6Q0prl8G5RuoBA==",
      "requires": {
        "tslib": "1.9.3"
      }
    },
    "tslib": {
      "version": "1.9.3",
      "resolved": "https://registry.npmjs.org/tslib/-/tslib-1.9.3.tgz",
      "integrity": "sha512-4krF8scpejhaOgqzBEcGM7yDIEfi0/8+8zDRZhNZZ2kjmHJ4hv3zCbQWxoJGz1iw5U0Jl0nma13xzHXcncMavQ=="
    }
  }
}
